
Microsoft Visual Studio Solution File, Format Version 12.00
# Visual Studio 2012
Project("{2150E333-8FDC-42A3-9474-1A3956D46DE8}") = "1.Libraries", "1.Libraries", "{DD24C79B-C66E-49D6-9879-693DADCC4507}"
EndProject
Project("{2150E333-8FDC-42A3-9474-1A3956D46DE8}") = "2.Presentation", "2.Presentation", "{0BAF918C-6252-4BB5-B467-8BE8F9896882}"
EndProject
Project("{2150E333-8FDC-42A3-9474-1A3956D46DE8}") = "3.Strategies", "3.Strategies", "{744FEE22-7C09-4A7C-89AF-B18E64919E05}"
EndProject
Project("{2150E333-8FDC-42A3-9474-1A3956D46DE8}") = "4.Plugins", "4.Plugins", "{F3F2362B-5F5A-4505-A8FB-E344A35650EF}"
EndProject
Project("{FAE04EC0-301F-11D3-BF4B-00C04F79EFBC}") = "VMall.Core", "Libraries\VMall.Core\VMall.Core.csproj", "{6B8E6156-1BD0-49E4-A693-A3F88025CF4C}"
EndProject
Project("{FAE04EC0-301F-11D3-BF4B-00C04F79EFBC}") = "VMall.Data", "Libraries\VMall.Data\VMall.Data.csproj", "{FF1483FC-BA6F-4257-9443-0EA61D71B555}"
EndProject
Project("{FAE04EC0-301F-11D3-BF4B-00C04F79EFBC}") = "VMall.Services", "Libraries\VMall.Services\VMall.Services.csproj", "{1323CA44-E7C4-47B1-A316-22E80777D885}"
EndProject
Project("{FAE04EC0-301F-11D3-BF4B-00C04F79EFBC}") = "VMall.PayPlugin.Alipay", "Plugins\VMall.PayPlugin.Alipay\VMall.PayPlugin.Alipay.csproj", "{E3608A2B-47B2-41C2-894A-A6824F5FF322}"
	ProjectSection(ProjectDependencies) = postProject
		{1323CA44-E7C4-47B1-A316-22E80777D885} = {1323CA44-E7C4-47B1-A316-22E80777D885}
		{6B8E6156-1BD0-49E4-A693-A3F88025CF4C} = {6B8E6156-1BD0-49E4-A693-A3F88025CF4C}
		{C28BA0E8-6095-4F37-8CAF-A014CBD43CB9} = {C28BA0E8-6095-4F37-8CAF-A014CBD43CB9}
	EndProjectSection
EndProject
Project("{FAE04EC0-301F-11D3-BF4B-00C04F79EFBC}") = "VMall.PayPlugin.EMSRemit", "Plugins\VMall.PayPlugin.EMSRemit\VMall.PayPlugin.EMSRemit.csproj", "{1E0BDECE-A9CA-4539-9D2E-207950CE4A1B}"
EndProject
Project("{FAE04EC0-301F-11D3-BF4B-00C04F79EFBC}") = "VMall.AsynStrategy.ThreadPool", "Strategies\VMall.AsynStrategy.ThreadPool\VMall.AsynStrategy.ThreadPool.csproj", "{CDCD7E60-0129-487E-9FA0-0FF250AC7220}"
EndProject
Project("{FAE04EC0-301F-11D3-BF4B-00C04F79EFBC}") = "VMall.CacheStrategy.AspNet", "Strategies\VMall.CacheStrategy.AspNet\VMall.CacheStrategy.AspNet.csproj", "{17D7AE43-F643-4C34-B13C-B4EA38A52C9E}"
EndProject
Project("{FAE04EC0-301F-11D3-BF4B-00C04F79EFBC}") = "VMall.CartStrategy.SqlServer", "Strategies\VMall.CartStrategy.SqlServer\VMall.CartStrategy.SqlServer.csproj", "{9708BCE3-D3E6-4EE4-8D11-42CC35AE6461}"
EndProject
Project("{FAE04EC0-301F-11D3-BF4B-00C04F79EFBC}") = "VMall.ConfigStrategy.File", "Strategies\VMall.ConfigStrategy.File\VMall.ConfigStrategy.File.csproj", "{250EF42B-A3F5-4FDC-8C36-6D15D8FB293B}"
EndProject
Project("{FAE04EC0-301F-11D3-BF4B-00C04F79EFBC}") = "VMall.EmailStrategy.DotNet", "Strategies\VMall.EmailStrategy.DotNet\VMall.EmailStrategy.DotNet.csproj", "{E37ADDAC-8ABE-4D84-ACEF-B3C5B01EA3B8}"
EndProject
Project("{FAE04EC0-301F-11D3-BF4B-00C04F79EFBC}") = "VMall.EventStrategy.Timer", "Strategies\VMall.EventStrategy.Timer\VMall.EventStrategy.Timer.csproj", "{6D902970-44F6-40F5-8BC4-70E778007244}"
EndProject
Project("{FAE04EC0-301F-11D3-BF4B-00C04F79EFBC}") = "VMall.OrderStrategy.SqlServer", "Strategies\VMall.OrderStrategy.SqlServer\VMall.OrderStrategy.SqlServer.csproj", "{C4A4EC83-C4AA-43BB-92F9-83EA9395E06E}"
EndProject
Project("{FAE04EC0-301F-11D3-BF4B-00C04F79EFBC}") = "VMall.RandomStrategy.VMall", "Strategies\VMall.RandomStrategy.VMall\VMall.RandomStrategy.VMall.csproj", "{984F4EB0-F41F-4F7B-BF7A-9EC7756B8EE5}"
EndProject
Project("{FAE04EC0-301F-11D3-BF4B-00C04F79EFBC}") = "VMall.RDBSStrategy.SqlServer", "Strategies\VMall.RDBSStrategy.SqlServer\VMall.RDBSStrategy.SqlServer.csproj", "{D44E21EC-68C7-4736-A93D-3E57D34ABDBE}"
EndProject
Project("{FAE04EC0-301F-11D3-BF4B-00C04F79EFBC}") = "VMall.SearchStrategy.SqlServer", "Strategies\VMall.SearchStrategy.SqlServer\VMall.SearchStrategy.SqlServer.csproj", "{0938AB45-48C6-4015-A547-8028BD39B072}"
EndProject
Project("{FAE04EC0-301F-11D3-BF4B-00C04F79EFBC}") = "VMall.SessionStrategy.AspNetCache", "Strategies\VMall.SessionStrategy.AspNetCache\VMall.SessionStrategy.AspNetCache.csproj", "{2A8A4EF5-C078-4C96-A797-3D1910036C8A}"
EndProject
Project("{FAE04EC0-301F-11D3-BF4B-00C04F79EFBC}") = "VMall.SMSStrategy.VMall", "Strategies\VMall.SMSStrategy.VMall\VMall.SMSStrategy.VMall.csproj", "{AB079783-3444-43C6-8E38-A6EB3E52610C}"
EndProject
Project("{FAE04EC0-301F-11D3-BF4B-00C04F79EFBC}") = "VMall.Web", "Presentation\VMall.Web\VMall.Web.csproj", "{31F3CC01-15D1-4528-AF8A-B74281F4D19E}"
	ProjectSection(ProjectDependencies) = postProject
		{6B8E6156-1BD0-49E4-A693-A3F88025CF4C} = {6B8E6156-1BD0-49E4-A693-A3F88025CF4C}
	EndProjectSection
EndProject
Project("{FAE04EC0-301F-11D3-BF4B-00C04F79EFBC}") = "VMall.Web.Framework", "Presentation\VMall.Web.Framework\VMall.Web.Framework.csproj", "{C28BA0E8-6095-4F37-8CAF-A014CBD43CB9}"
EndProject
Project("{FAE04EC0-301F-11D3-BF4B-00C04F79EFBC}") = "VMall.Web.MallAdmin", "Presentation\VMall.Web\admin_mall\VMall.Web.MallAdmin.csproj", "{6DF7F8C6-4D67-4281-9F91-599BFA9A8109}"
EndProject
Project("{FAE04EC0-301F-11D3-BF4B-00C04F79EFBC}") = "VMall.Web.Mobile", "Presentation\VMall.Web\mobile\VMall.Web.Mobile.csproj", "{46AFA412-EA80-4DA7-88FE-347524C9D3EC}"
	ProjectSection(ProjectDependencies) = postProject
		{C28BA0E8-6095-4F37-8CAF-A014CBD43CB9} = {C28BA0E8-6095-4F37-8CAF-A014CBD43CB9}
	EndProjectSection
EndProject
Project("{FAE04EC0-301F-11D3-BF4B-00C04F79EFBC}") = "VMall.PayPlugin.WeChat", "Plugins\VMall.PayPlugin.WeChat\VMall.PayPlugin.WeChat.csproj", "{DA29F2B0-213E-42E2-A4ED-E406B293A383}"
	ProjectSection(ProjectDependencies) = postProject
		{1323CA44-E7C4-47B1-A316-22E80777D885} = {1323CA44-E7C4-47B1-A316-22E80777D885}
		{6B8E6156-1BD0-49E4-A693-A3F88025CF4C} = {6B8E6156-1BD0-49E4-A693-A3F88025CF4C}
		{C28BA0E8-6095-4F37-8CAF-A014CBD43CB9} = {C28BA0E8-6095-4F37-8CAF-A014CBD43CB9}
	EndProjectSection
EndProject
Project("{FAE04EC0-301F-11D3-BF4B-00C04F79EFBC}") = "VMall.PayPlugin.Custompay", "Plugins\VMall.PayPlugin.Custompay\VMall.PayPlugin.Custompay.csproj", "{178BC546-A97F-4104-8535-82D1F925A098}"
EndProject
Global
	GlobalSection(SolutionConfigurationPlatforms) = preSolution
		Debug|Any CPU = Debug|Any CPU
		Release|Any CPU = Release|Any CPU
	EndGlobalSection
	GlobalSection(ProjectConfigurationPlatforms) = postSolution
		{6B8E6156-1BD0-49E4-A693-A3F88025CF4C}.Debug|Any CPU.ActiveCfg = Debug|Any CPU
		{6B8E6156-1BD0-49E4-A693-A3F88025CF4C}.Debug|Any CPU.Build.0 = Debug|Any CPU
		{6B8E6156-1BD0-49E4-A693-A3F88025CF4C}.Release|Any CPU.ActiveCfg = Release|Any CPU
		{6B8E6156-1BD0-49E4-A693-A3F88025CF4C}.Release|Any CPU.Build.0 = Release|Any CPU
		{FF1483FC-BA6F-4257-9443-0EA61D71B555}.Debug|Any CPU.ActiveCfg = Debug|Any CPU
		{FF1483FC-BA6F-4257-9443-0EA61D71B555}.Debug|Any CPU.Build.0 = Debug|Any CPU
		{FF1483FC-BA6F-4257-9443-0EA61D71B555}.Release|Any CPU.ActiveCfg = Release|Any CPU
		{FF1483FC-BA6F-4257-9443-0EA61D71B555}.Release|Any CPU.Build.0 = Release|Any CPU
		{1323CA44-E7C4-47B1-A316-22E80777D885}.Debug|Any CPU.ActiveCfg = Debug|Any CPU
		{1323CA44-E7C4-47B1-A316-22E80777D885}.Debug|Any CPU.Build.0 = Debug|Any CPU
		{1323CA44-E7C4-47B1-A316-22E80777D885}.Release|Any CPU.ActiveCfg = Release|Any CPU
		{1323CA44-E7C4-47B1-A316-22E80777D885}.Release|Any CPU.Build.0 = Release|Any CPU
		{E3608A2B-47B2-41C2-894A-A6824F5FF322}.Debug|Any CPU.ActiveCfg = Debug|Any CPU
		{E3608A2B-47B2-41C2-894A-A6824F5FF322}.Debug|Any CPU.Build.0 = Debug|Any CPU
		{E3608A2B-47B2-41C2-894A-A6824F5FF322}.Release|Any CPU.ActiveCfg = Release|Any CPU
		{E3608A2B-47B2-41C2-894A-A6824F5FF322}.Release|Any CPU.Build.0 = Release|Any CPU
		{1E0BDECE-A9CA-4539-9D2E-207950CE4A1B}.Debug|Any CPU.ActiveCfg = Debug|Any CPU
		{1E0BDECE-A9CA-4539-9D2E-207950CE4A1B}.Debug|Any CPU.Build.0 = Debug|Any CPU
		{1E0BDECE-A9CA-4539-9D2E-207950CE4A1B}.Release|Any CPU.ActiveCfg = Release|Any CPU
		{1E0BDECE-A9CA-4539-9D2E-207950CE4A1B}.Release|Any CPU.Build.0 = Release|Any CPU
		{CDCD7E60-0129-487E-9FA0-0FF250AC7220}.Debug|Any CPU.ActiveCfg = Debug|Any CPU
		{CDCD7E60-0129-487E-9FA0-0FF250AC7220}.Debug|Any CPU.Build.0 = Debug|Any CPU
		{CDCD7E60-0129-487E-9FA0-0FF250AC7220}.Release|Any CPU.ActiveCfg = Release|Any CPU
		{CDCD7E60-0129-487E-9FA0-0FF250AC7220}.Release|Any CPU.Build.0 = Release|Any CPU
		{17D7AE43-F643-4C34-B13C-B4EA38A52C9E}.Debug|Any CPU.ActiveCfg = Debug|Any CPU
		{17D7AE43-F643-4C34-B13C-B4EA38A52C9E}.Debug|Any CPU.Build.0 = Debug|Any CPU
		{17D7AE43-F643-4C34-B13C-B4EA38A52C9E}.Release|Any CPU.ActiveCfg = Release|Any CPU
		{17D7AE43-F643-4C34-B13C-B4EA38A52C9E}.Release|Any CPU.Build.0 = Release|Any CPU
		{9708BCE3-D3E6-4EE4-8D11-42CC35AE6461}.Debug|Any CPU.ActiveCfg = Debug|Any CPU
		{9708BCE3-D3E6-4EE4-8D11-42CC35AE6461}.Debug|Any CPU.Build.0 = Debug|Any CPU
		{9708BCE3-D3E6-4EE4-8D11-42CC35AE6461}.Release|Any CPU.ActiveCfg = Release|Any CPU
		{9708BCE3-D3E6-4EE4-8D11-42CC35AE6461}.Release|Any CPU.Build.0 = Release|Any CPU
		{250EF42B-A3F5-4FDC-8C36-6D15D8FB293B}.Debug|Any CPU.ActiveCfg = Debug|Any CPU
		{250EF42B-A3F5-4FDC-8C36-6D15D8FB293B}.Debug|Any CPU.Build.0 = Debug|Any CPU
		{250EF42B-A3F5-4FDC-8C36-6D15D8FB293B}.Release|Any CPU.ActiveCfg = Release|Any CPU
		{250EF42B-A3F5-4FDC-8C36-6D15D8FB293B}.Release|Any CPU.Build.0 = Release|Any CPU
		{E37ADDAC-8ABE-4D84-ACEF-B3C5B01EA3B8}.Debug|Any CPU.ActiveCfg = Debug|Any CPU
		{E37ADDAC-8ABE-4D84-ACEF-B3C5B01EA3B8}.Debug|Any CPU.Build.0 = Debug|Any CPU
		{E37ADDAC-8ABE-4D84-ACEF-B3C5B01EA3B8}.Release|Any CPU.ActiveCfg = Release|Any CPU
		{E37ADDAC-8ABE-4D84-ACEF-B3C5B01EA3B8}.Release|Any CPU.Build.0 = Release|Any CPU
		{6D902970-44F6-40F5-8BC4-70E778007244}.Debug|Any CPU.ActiveCfg = Debug|Any CPU
		{6D902970-44F6-40F5-8BC4-70E778007244}.Debug|Any CPU.Build.0 = Debug|Any CPU
		{6D902970-44F6-40F5-8BC4-70E778007244}.Release|Any CPU.ActiveCfg = Release|Any CPU
		{6D902970-44F6-40F5-8BC4-70E778007244}.Release|Any CPU.Build.0 = Release|Any CPU
		{C4A4EC83-C4AA-43BB-92F9-83EA9395E06E}.Debug|Any CPU.ActiveCfg = Debug|Any CPU
		{C4A4EC83-C4AA-43BB-92F9-83EA9395E06E}.Debug|Any CPU.Build.0 = Debug|Any CPU
		{C4A4EC83-C4AA-43BB-92F9-83EA9395E06E}.Release|Any CPU.ActiveCfg = Release|Any CPU
		{C4A4EC83-C4AA-43BB-92F9-83EA9395E06E}.Release|Any CPU.Build.0 = Release|Any CPU
		{984F4EB0-F41F-4F7B-BF7A-9EC7756B8EE5}.Debug|Any CPU.ActiveCfg = Debug|Any CPU
		{984F4EB0-F41F-4F7B-BF7A-9EC7756B8EE5}.Debug|Any CPU.Build.0 = Debug|Any CPU
		{984F4EB0-F41F-4F7B-BF7A-9EC7756B8EE5}.Release|Any CPU.ActiveCfg = Release|Any CPU
		{984F4EB0-F41F-4F7B-BF7A-9EC7756B8EE5}.Release|Any CPU.Build.0 = Release|Any CPU
		{D44E21EC-68C7-4736-A93D-3E57D34ABDBE}.Debug|Any CPU.ActiveCfg = Debug|Any CPU
		{D44E21EC-68C7-4736-A93D-3E57D34ABDBE}.Debug|Any CPU.Build.0 = Debug|Any CPU
		{D44E21EC-68C7-4736-A93D-3E57D34ABDBE}.Release|Any CPU.ActiveCfg = Release|Any CPU
		{D44E21EC-68C7-4736-A93D-3E57D34ABDBE}.Release|Any CPU.Build.0 = Release|Any CPU
		{0938AB45-48C6-4015-A547-8028BD39B072}.Debug|Any CPU.ActiveCfg = Debug|Any CPU
		{0938AB45-48C6-4015-A547-8028BD39B072}.Debug|Any CPU.Build.0 = Debug|Any CPU
		{0938AB45-48C6-4015-A547-8028BD39B072}.Release|Any CPU.ActiveCfg = Release|Any CPU
		{0938AB45-48C6-4015-A547-8028BD39B072}.Release|Any CPU.Build.0 = Release|Any CPU
		{2A8A4EF5-C078-4C96-A797-3D1910036C8A}.Debug|Any CPU.ActiveCfg = Debug|Any CPU
		{2A8A4EF5-C078-4C96-A797-3D1910036C8A}.Debug|Any CPU.Build.0 = Debug|Any CPU
		{2A8A4EF5-C078-4C96-A797-3D1910036C8A}.Release|Any CPU.ActiveCfg = Release|Any CPU
		{2A8A4EF5-C078-4C96-A797-3D1910036C8A}.Release|Any CPU.Build.0 = Release|Any CPU
		{AB079783-3444-43C6-8E38-A6EB3E52610C}.Debug|Any CPU.ActiveCfg = Debug|Any CPU
		{AB079783-3444-43C6-8E38-A6EB3E52610C}.Debug|Any CPU.Build.0 = Debug|Any CPU
		{AB079783-3444-43C6-8E38-A6EB3E52610C}.Release|Any CPU.ActiveCfg = Release|Any CPU
		{AB079783-3444-43C6-8E38-A6EB3E52610C}.Release|Any CPU.Build.0 = Release|Any CPU
		{31F3CC01-15D1-4528-AF8A-B74281F4D19E}.Debug|Any CPU.ActiveCfg = Debug|Any CPU
		{31F3CC01-15D1-4528-AF8A-B74281F4D19E}.Debug|Any CPU.Build.0 = Debug|Any CPU
		{31F3CC01-15D1-4528-AF8A-B74281F4D19E}.Release|Any CPU.ActiveCfg = Release|Any CPU
		{31F3CC01-15D1-4528-AF8A-B74281F4D19E}.Release|Any CPU.Build.0 = Release|Any CPU
		{C28BA0E8-6095-4F37-8CAF-A014CBD43CB9}.Debug|Any CPU.ActiveCfg = Debug|Any CPU
		{C28BA0E8-6095-4F37-8CAF-A014CBD43CB9}.Debug|Any CPU.Build.0 = Debug|Any CPU
		{C28BA0E8-6095-4F37-8CAF-A014CBD43CB9}.Release|Any CPU.ActiveCfg = Release|Any CPU
		{C28BA0E8-6095-4F37-8CAF-A014CBD43CB9}.Release|Any CPU.Build.0 = Release|Any CPU
		{6DF7F8C6-4D67-4281-9F91-599BFA9A8109}.Debug|Any CPU.ActiveCfg = Debug|Any CPU
		{6DF7F8C6-4D67-4281-9F91-599BFA9A8109}.Debug|Any CPU.Build.0 = Debug|Any CPU
		{6DF7F8C6-4D67-4281-9F91-599BFA9A8109}.Release|Any CPU.ActiveCfg = Release|Any CPU
		{6DF7F8C6-4D67-4281-9F91-599BFA9A8109}.Release|Any CPU.Build.0 = Release|Any CPU
		{46AFA412-EA80-4DA7-88FE-347524C9D3EC}.Debug|Any CPU.ActiveCfg = Debug|Any CPU
		{46AFA412-EA80-4DA7-88FE-347524C9D3EC}.Debug|Any CPU.Build.0 = Debug|Any CPU
		{46AFA412-EA80-4DA7-88FE-347524C9D3EC}.Release|Any CPU.ActiveCfg = Release|Any CPU
		{46AFA412-EA80-4DA7-88FE-347524C9D3EC}.Release|Any CPU.Build.0 = Release|Any CPU
		{DA29F2B0-213E-42E2-A4ED-E406B293A383}.Debug|Any CPU.ActiveCfg = Debug|Any CPU
		{DA29F2B0-213E-42E2-A4ED-E406B293A383}.Debug|Any CPU.Build.0 = Debug|Any CPU
		{DA29F2B0-213E-42E2-A4ED-E406B293A383}.Release|Any CPU.ActiveCfg = Release|Any CPU
		{DA29F2B0-213E-42E2-A4ED-E406B293A383}.Release|Any CPU.Build.0 = Release|Any CPU
		{178BC546-A97F-4104-8535-82D1F925A098}.Debug|Any CPU.ActiveCfg = Debug|Any CPU
		{178BC546-A97F-4104-8535-82D1F925A098}.Debug|Any CPU.Build.0 = Debug|Any CPU
		{178BC546-A97F-4104-8535-82D1F925A098}.Release|Any CPU.ActiveCfg = Release|Any CPU
		{178BC546-A97F-4104-8535-82D1F925A098}.Release|Any CPU.Build.0 = Release|Any CPU
	EndGlobalSection
	GlobalSection(SolutionProperties) = preSolution
		HideSolutionNode = FALSE
	EndGlobalSection
	GlobalSection(NestedProjects) = preSolution
		{6B8E6156-1BD0-49E4-A693-A3F88025CF4C} = {DD24C79B-C66E-49D6-9879-693DADCC4507}
		{FF1483FC-BA6F-4257-9443-0EA61D71B555} = {DD24C79B-C66E-49D6-9879-693DADCC4507}
		{1323CA44-E7C4-47B1-A316-22E80777D885} = {DD24C79B-C66E-49D6-9879-693DADCC4507}
		{31F3CC01-15D1-4528-AF8A-B74281F4D19E} = {0BAF918C-6252-4BB5-B467-8BE8F9896882}
		{C28BA0E8-6095-4F37-8CAF-A014CBD43CB9} = {0BAF918C-6252-4BB5-B467-8BE8F9896882}
		{6DF7F8C6-4D67-4281-9F91-599BFA9A8109} = {0BAF918C-6252-4BB5-B467-8BE8F9896882}
		{46AFA412-EA80-4DA7-88FE-347524C9D3EC} = {0BAF918C-6252-4BB5-B467-8BE8F9896882}
		{CDCD7E60-0129-487E-9FA0-0FF250AC7220} = {744FEE22-7C09-4A7C-89AF-B18E64919E05}
		{17D7AE43-F643-4C34-B13C-B4EA38A52C9E} = {744FEE22-7C09-4A7C-89AF-B18E64919E05}
		{9708BCE3-D3E6-4EE4-8D11-42CC35AE6461} = {744FEE22-7C09-4A7C-89AF-B18E64919E05}
		{250EF42B-A3F5-4FDC-8C36-6D15D8FB293B} = {744FEE22-7C09-4A7C-89AF-B18E64919E05}
		{E37ADDAC-8ABE-4D84-ACEF-B3C5B01EA3B8} = {744FEE22-7C09-4A7C-89AF-B18E64919E05}
		{6D902970-44F6-40F5-8BC4-70E778007244} = {744FEE22-7C09-4A7C-89AF-B18E64919E05}
		{C4A4EC83-C4AA-43BB-92F9-83EA9395E06E} = {744FEE22-7C09-4A7C-89AF-B18E64919E05}
		{984F4EB0-F41F-4F7B-BF7A-9EC7756B8EE5} = {744FEE22-7C09-4A7C-89AF-B18E64919E05}
		{D44E21EC-68C7-4736-A93D-3E57D34ABDBE} = {744FEE22-7C09-4A7C-89AF-B18E64919E05}
		{0938AB45-48C6-4015-A547-8028BD39B072} = {744FEE22-7C09-4A7C-89AF-B18E64919E05}
		{2A8A4EF5-C078-4C96-A797-3D1910036C8A} = {744FEE22-7C09-4A7C-89AF-B18E64919E05}
		{AB079783-3444-43C6-8E38-A6EB3E52610C} = {744FEE22-7C09-4A7C-89AF-B18E64919E05}
		{E3608A2B-47B2-41C2-894A-A6824F5FF322} = {F3F2362B-5F5A-4505-A8FB-E344A35650EF}
		{1E0BDECE-A9CA-4539-9D2E-207950CE4A1B} = {F3F2362B-5F5A-4505-A8FB-E344A35650EF}
		{DA29F2B0-213E-42E2-A4ED-E406B293A383} = {F3F2362B-5F5A-4505-A8FB-E344A35650EF}
		{178BC546-A97F-4104-8535-82D1F925A098} = {F3F2362B-5F5A-4505-A8FB-E344A35650EF}
	EndGlobalSection
	GlobalSection(ExtensibilityGlobals) = postSolution
		VisualSVNWorkingCopyRoot = .
	EndGlobalSection
EndGlobal
